// !$*UTF8*$!
{
	archiveVersion = 1;
	classes = {
	};
	objectVersion = 46;
	objects = {

/* Begin PBXBuildFile section */
		C44957E91D1C6E6700641924 /* UIColor+Extension.swift in Sources */ = {isa = PBXBuildFile; fileRef = C44957E81D1C6E6700641924 /* UIColor+Extension.swift */; };
		C44957EB1D1C709500641924 /* UIApplication+Extension.swift in Sources */ = {isa = PBXBuildFile; fileRef = C44957EA1D1C709500641924 /* UIApplication+Extension.swift */; };
		C44957ED1D1CC7D600641924 /* Helper+Extension.swift in Sources */ = {isa = PBXBuildFile; fileRef = C44957EC1D1CC7D600641924 /* Helper+Extension.swift */; };
		C44957EF1D1CCB8800641924 /* UIView+Extension.swift in Sources */ = {isa = PBXBuildFile; fileRef = C44957EE1D1CCB8800641924 /* UIView+Extension.swift */; };
		C45E6F6B1D1C646100667D54 /* NSObject+Extension.swift in Sources */ = {isa = PBXBuildFile; fileRef = C45E6F6A1D1C646100667D54 /* NSObject+Extension.swift */; };
		C45E6F6D1D1C65F700667D54 /* UITableView+Extension.swift in Sources */ = {isa = PBXBuildFile; fileRef = C45E6F6C1D1C65F700667D54 /* UITableView+Extension.swift */; };
		C45E6F6F1D1C69B500667D54 /* UICollectionView+Extension.swift in Sources */ = {isa = PBXBuildFile; fileRef = C45E6F6E1D1C69B500667D54 /* UICollectionView+Extension.swift */; };
		C4D553151D1B1F06006E7299 /* AppDelegate.swift in Sources */ = {isa = PBXBuildFile; fileRef = C4D553141D1B1F06006E7299 /* AppDelegate.swift */; };
		C4D553171D1B1F06006E7299 /* ViewController.swift in Sources */ = {isa = PBXBuildFile; fileRef = C4D553161D1B1F06006E7299 /* ViewController.swift */; };
		C4D5531A1D1B1F06006E7299 /* Main.storyboard in Resources */ = {isa = PBXBuildFile; fileRef = C4D553181D1B1F06006E7299 /* Main.storyboard */; };
		C4D5531C1D1B1F06006E7299 /* Assets.xcassets in Resources */ = {isa = PBXBuildFile; fileRef = C4D5531B1D1B1F06006E7299 /* Assets.xcassets */; };
		C4D5532A1D1B1F06006E7299 /* appBaseTests.swift in Sources */ = {isa = PBXBuildFile; fileRef = C4D553291D1B1F06006E7299 /* appBaseTests.swift */; };
/* End PBXBuildFile section */

/* Begin PBXContainerItemProxy section */
		C4D553261D1B1F06006E7299 /* PBXContainerItemProxy */ = {
			isa = PBXContainerItemProxy;
			containerPortal = C4D553091D1B1F06006E7299 /* Project object */;
			proxyType = 1;
			remoteGlobalIDString = C4D553101D1B1F06006E7299;
			remoteInfo = appBase;
		};
/* End PBXContainerItemProxy section */

/* Begin PBXFileReference section */
		C44957E81D1C6E6700641924 /* UIColor+Extension.swift */ = {isa = PBXFileReference; fileEncoding = 4; lastKnownFileType = sourcecode.swift; path = "UIColor+Extension.swift"; sourceTree = "<group>"; };
		C44957EA1D1C709500641924 /* UIApplication+Extension.swift */ = {isa = PBXFileReference; fileEncoding = 4; lastKnownFileType = sourcecode.swift; path = "UIApplication+Extension.swift"; sourceTree = "<group>"; };
		C44957EC1D1CC7D600641924 /* Helper+Extension.swift */ = {isa = PBXFileReference; fileEncoding = 4; lastKnownFileType = sourcecode.swift; path = "Helper+Extension.swift"; sourceTree = "<group>"; };
		C44957EE1D1CCB8800641924 /* UIView+Extension.swift */ = {isa = PBXFileReference; fileEncoding = 4; lastKnownFileType = sourcecode.swift; path = "UIView+Extension.swift"; sourceTree = "<group>"; };
		C45E6F6A1D1C646100667D54 /* NSObject+Extension.swift */ = {isa = PBXFileReference; fileEncoding = 4; lastKnownFileType = sourcecode.swift; path = "NSObject+Extension.swift"; sourceTree = "<group>"; };
		C45E6F6C1D1C65F700667D54 /* UITableView+Extension.swift */ = {isa = PBXFileReference; fileEncoding = 4; lastKnownFileType = sourcecode.swift; path = "UITableView+Extension.swift"; sourceTree = "<group>"; };
		C45E6F6E1D1C69B500667D54 /* UICollectionView+Extension.swift */ = {isa = PBXFileReference; fileEncoding = 4; lastKnownFileType = sourcecode.swift; path = "UICollectionView+Extension.swift"; sourceTree = "<group>"; };
		C4D553111D1B1F06006E7299 /* appBase.app */ = {isa = PBXFileReference; explicitFileType = wrapper.application; includeInIndex = 0; path = appBase.app; sourceTree = BUILT_PRODUCTS_DIR; };
		C4D553141D1B1F06006E7299 /* AppDelegate.swift */ = {isa = PBXFileReference; lastKnownFileType = sourcecode.swift; path = AppDelegate.swift; sourceTree = "<group>"; };
		C4D553161D1B1F06006E7299 /* ViewController.swift */ = {isa = PBXFileReference; lastKnownFileType = sourcecode.swift; path = ViewController.swift; sourceTree = "<group>"; };
		C4D553191D1B1F06006E7299 /* Base */ = {isa = PBXFileReference; lastKnownFileType = file.storyboard; name = Base; path = Base.lproj/Main.storyboard; sourceTree = "<group>"; };
		C4D5531B1D1B1F06006E7299 /* Assets.xcassets */ = {isa = PBXFileReference; lastKnownFileType = folder.assetcatalog; path = Assets.xcassets; sourceTree = "<group>"; };
		C4D553201D1B1F06006E7299 /* Info.plist */ = {isa = PBXFileReference; lastKnownFileType = text.plist.xml; path = Info.plist; sourceTree = "<group>"; };
		C4D553251D1B1F06006E7299 /* appBaseTests.xctest */ = {isa = PBXFileReference; explicitFileType = wrapper.cfbundle; includeInIndex = 0; path = appBaseTests.xctest; sourceTree = BUILT_PRODUCTS_DIR; };
		C4D553291D1B1F06006E7299 /* appBaseTests.swift */ = {isa = PBXFileReference; lastKnownFileType = sourcecode.swift; path = appBaseTests.swift; sourceTree = "<group>"; };
		C4D5532B1D1B1F06006E7299 /* Info.plist */ = {isa = PBXFileReference; lastKnownFileType = text.plist.xml; path = Info.plist; sourceTree = "<group>"; };
/* End PBXFileReference section */

/* Begin PBXFrameworksBuildPhase section */
		C4D5530E1D1B1F06006E7299 /* Frameworks */ = {
			isa = PBXFrameworksBuildPhase;
			buildActionMask = 2147483647;
			files = (
			);
			runOnlyForDeploymentPostprocessing = 0;
		};
		C4D553221D1B1F06006E7299 /* Frameworks */ = {
			isa = PBXFrameworksBuildPhase;
			buildActionMask = 2147483647;
			files = (
			);
			runOnlyForDeploymentPostprocessing = 0;
		};
/* End PBXFrameworksBuildPhase section */

/* Begin PBXGroup section */
		C45E6F691D1C63E000667D54 /* Extensions */ = {
			isa = PBXGroup;
			children = (
				C44957EC1D1CC7D600641924 /* Helper+Extension.swift */,
				C45E6F6A1D1C646100667D54 /* NSObject+Extension.swift */,
				C44957EA1D1C709500641924 /* UIApplication+Extension.swift */,
				C45E6F6E1D1C69B500667D54 /* UICollectionView+Extension.swift */,
				C44957E81D1C6E6700641924 /* UIColor+Extension.swift */,
				C45E6F6C1D1C65F700667D54 /* UITableView+Extension.swift */,
				C44957EE1D1CCB8800641924 /* UIView+Extension.swift */,
			);
			path = Extensions;
			sourceTree = "<group>";
		};
		C4D553081D1B1F06006E7299 = {
			isa = PBXGroup;
			children = (
				C4D553121D1B1F06006E7299 /* Products */,
				C4D553131D1B1F06006E7299 /* appBase */,
				C4D553281D1B1F06006E7299 /* appBaseTests */,
			);
			sourceTree = "<group>";
		};
		C4D553121D1B1F06006E7299 /* Products */ = {
			isa = PBXGroup;
			children = (
				C4D553111D1B1F06006E7299 /* appBase.app */,
				C4D553251D1B1F06006E7299 /* appBaseTests.xctest */,
			);
			name = Products;
			sourceTree = "<group>";
		};
		C4D553131D1B1F06006E7299 /* appBase */ = {
			isa = PBXGroup;
			children = (
				C4D553361D1B202E006E7299 /* Resources */,
				C4D553341D1B1FCF006E7299 /* Sources */,
				C4D553371D1B2048006E7299 /* StoryBoards */,
				C4D553351D1B200E006E7299 /* SupportingFiles */,
			);
			path = appBase;
			sourceTree = "<group>";
		};
		C4D553281D1B1F06006E7299 /* appBaseTests */ = {
			isa = PBXGroup;
			children = (
				C4D5532B1D1B1F06006E7299 /* Info.plist */,
				C4D553291D1B1F06006E7299 /* appBaseTests.swift */,
			);
			path = appBaseTests;
			sourceTree = "<group>";
		};
		C4D553341D1B1FCF006E7299 /* Sources */ = {
			isa = PBXGroup;
			children = (
				C45E6F691D1C63E000667D54 /* Extensions */,
				C4D553141D1B1F06006E7299 /* AppDelegate.swift */,
				C4D553161D1B1F06006E7299 /* ViewController.swift */,
			);
			path = Sources;
			sourceTree = "<group>";
		};
		C4D553351D1B200E006E7299 /* SupportingFiles */ = {
			isa = PBXGroup;
			children = (
				C4D553201D1B1F06006E7299 /* Info.plist */,
			);
			path = SupportingFiles;
			sourceTree = "<group>";
		};
		C4D553361D1B202E006E7299 /* Resources */ = {
			isa = PBXGroup;
			children = (
				C4D5531B1D1B1F06006E7299 /* Assets.xcassets */,
			);
			path = Resources;
			sourceTree = "<group>";
		};
		C4D553371D1B2048006E7299 /* StoryBoards */ = {
			isa = PBXGroup;
			children = (
				C4D553181D1B1F06006E7299 /* Main.storyboard */,
			);
			path = StoryBoards;
			sourceTree = "<group>";
		};
/* End PBXGroup section */

/* Begin PBXNativeTarget section */
		C4D553101D1B1F06006E7299 /* appBase */ = {
			isa = PBXNativeTarget;
			buildConfigurationList = C4D5532E1D1B1F06006E7299 /* Build configuration list for PBXNativeTarget "appBase" */;
			buildPhases = (
				C4D5530D1D1B1F06006E7299 /* Sources */,
				C4D5530E1D1B1F06006E7299 /* Frameworks */,
				C4D5530F1D1B1F06006E7299 /* Resources */,
			);
			buildRules = (
			);
			dependencies = (
			);
			name = appBase;
			productName = appBase;
			productReference = C4D553111D1B1F06006E7299 /* appBase.app */;
			productType = "com.apple.product-type.application";
		};
		C4D553241D1B1F06006E7299 /* appBaseTests */ = {
			isa = PBXNativeTarget;
			buildConfigurationList = C4D553311D1B1F06006E7299 /* Build configuration list for PBXNativeTarget "appBaseTests" */;
			buildPhases = (
				C4D553211D1B1F06006E7299 /* Sources */,
				C4D553221D1B1F06006E7299 /* Frameworks */,
				C4D553231D1B1F06006E7299 /* Resources */,
			);
			buildRules = (
			);
			dependencies = (
				C4D553271D1B1F06006E7299 /* PBXTargetDependency */,
			);
			name = appBaseTests;
			productName = appBaseTests;
			productReference = C4D553251D1B1F06006E7299 /* appBaseTests.xctest */;
			productType = "com.apple.product-type.bundle.unit-test";
		};
/* End PBXNativeTarget section */

/* Begin PBXProject section */
		C4D553091D1B1F06006E7299 /* Project object */ = {
			isa = PBXProject;
			attributes = {
				LastSwiftUpdateCheck = 0730;
				LastUpgradeCheck = 0730;
				ORGANIZATIONNAME = eddy;
				TargetAttributes = {
					C4D553101D1B1F06006E7299 = {
						CreatedOnToolsVersion = 7.3.1;
						DevelopmentTeam = QS28YX7L3A;
					};
					C4D553241D1B1F06006E7299 = {
						CreatedOnToolsVersion = 7.3.1;
						DevelopmentTeam = QS28YX7L3A;
						TestTargetID = C4D553101D1B1F06006E7299;
					};
				};
			};
			buildConfigurationList = C4D5530C1D1B1F06006E7299 /* Build configuration list for PBXProject "appBase" */;
			compatibilityVersion = "Xcode 3.2";
			developmentRegion = English;
			hasScannedForEncodings = 0;
			knownRegions = (
				en,
				Base,
			);
			mainGroup = C4D553081D1B1F06006E7299;
			productRefGroup = C4D553121D1B1F06006E7299 /* Products */;
			projectDirPath = "";
			projectRoot = "";
			targets = (
				C4D553101D1B1F06006E7299 /* appBase */,
				C4D553241D1B1F06006E7299 /* appBaseTests */,
			);
		};
/* End PBXProject section */

/* Begin PBXResourcesBuildPhase section */
		C4D5530F1D1B1F06006E7299 /* Resources */ = {
			isa = PBXResourcesBuildPhase;
			buildActionMask = 2147483647;
			files = (
				C4D5531C1D1B1F06006E7299 /* Assets.xcassets in Resources */,
				C4D5531A1D1B1F06006E7299 /* Main.storyboard in Resources */,
			);
			runOnlyForDeploymentPostprocessing = 0;
		};
		C4D553231D1B1F06006E7299 /* Resources */ = {
			isa = PBXResourcesBuildPhase;
			buildActionMask = 2147483647;
			files = (
			);
			runOnlyForDeploymentPostprocessing = 0;
		};
/* End PBXResourcesBuildPhase section */

/* Begin PBXSourcesBuildPhase section */
		C4D5530D1D1B1F06006E7299 /* Sources */ = {
			isa = PBXSourcesBuildPhase;
			buildActionMask = 2147483647;
			files = (
				C4D553171D1B1F06006E7299 /* ViewController.swift in Sources */,
				C44957ED1D1CC7D600641924 /* Helper+Extension.swift in Sources */,
				C45E6F6F1D1C69B500667D54 /* UICollectionView+Extension.swift in Sources */,
				C44957EF1D1CCB8800641924 /* UIView+Extension.swift in Sources */,
				C4D553151D1B1F06006E7299 /* AppDelegate.swift in Sources */,
				C44957E91D1C6E6700641924 /* UIColor+Extension.swift in Sources */,
				C45E6F6B1D1C646100667D54 /* NSObject+Extension.swift in Sources */,
				C45E6F6D1D1C65F700667D54 /* UITableView+Extension.swift in Sources */,
				C44957EB1D1C709500641924 /* UIApplication+Extension.swift in Sources */,
			);
			runOnlyForDeploymentPostprocessing = 0;
		};
		C4D553211D1B1F06006E7299 /* Sources */ = {
			isa = PBXSourcesBuildPhase;
			buildActionMask = 2147483647;
			files = (
				C4D5532A1D1B1F06006E7299 /* appBaseTests.swift in Sources */,
			);
			runOnlyForDeploymentPostprocessing = 0;
		};
/* End PBXSourcesBuildPhase section */

/* Begin PBXTargetDependency section */
		C4D553271D1B1F06006E7299 /* PBXTargetDependency */ = {
			isa = PBXTargetDependency;
			target = C4D553101D1B1F06006E7299 /* appBase */;
			targetProxy = C4D553261D1B1F06006E7299 /* PBXContainerItemProxy */;
		};
/* End PBXTargetDependency section */

/* Begin PBXVariantGroup section */
		C4D553181D1B1F06006E7299 /* Main.storyboard */ = {
			isa = PBXVariantGroup;
			children = (
				C4D553191D1B1F06006E7299 /* Base */,
			);
			name = Main.storyboard;
			path = .;
			sourceTree = "<group>";
		};
/* End PBXVariantGroup section */

/* Begin XCBuildConfiguration section */
		C4D5532C1D1B1F06006E7299 /* Debug */ = {
			isa = XCBuildConfiguration;
			buildSettings = {
				ALWAYS_SEARCH_USER_PATHS = NO;
				CLANG_ANALYZER_NONNULL = YES;
				CLANG_CXX_LANGUAGE_STANDARD = "gnu++0x";
				CLANG_CXX_LIBRARY = "libc++";
				CLANG_ENABLE_MODULES = YES;
				CLANG_ENABLE_OBJC_ARC = YES;
				CLANG_WARN_BOOL_CONVERSION = YES;
				CLANG_WARN_CONSTANT_CONVERSION = YES;
				CLANG_WARN_DIRECT_OBJC_ISA_USAGE = YES_ERROR;
				CLANG_WARN_EMPTY_BODY = YES;
				CLANG_WARN_ENUM_CONVERSION = YES;
				CLANG_WARN_INT_CONVERSION = YES;
				CLANG_WARN_OBJC_ROOT_CLASS = YES_ERROR;
				CLANG_WARN_UNREACHABLE_CODE = YES;
				CLANG_WARN__DUPLICATE_METHOD_MATCH = YES;
				"CODE_SIGN_IDENTITY[sdk=iphoneos*]" = "iPhone Developer";
				COPY_PHASE_STRIP = NO;
				DEBUG_INFORMATION_FORMAT = dwarf;
				ENABLE_STRICT_OBJC_MSGSEND = YES;
				ENABLE_TESTABILITY = YES;
				GCC_C_LANGUAGE_STANDARD = gnu99;
				GCC_DYNAMIC_NO_PIC = NO;
				GCC_NO_COMMON_BLOCKS = YES;
				GCC_OPTIMIZATION_LEVEL = 0;
				GCC_PREPROCESSOR_DEFINITIONS = (
					"DEBUG=1",
					"$(inherited)",
				);
				GCC_WARN_64_TO_32_BIT_CONVERSION = YES;
				GCC_WARN_ABOUT_RETURN_TYPE = YES_ERROR;
				GCC_WARN_UNDECLARED_SELECTOR = YES;
				GCC_WARN_UNINITIALIZED_AUTOS = YES_AGGRESSIVE;
				GCC_WARN_UNUSED_FUNCTION = YES;
				GCC_WARN_UNUSED_VARIABLE = YES;
				IPHONEOS_DEPLOYMENT_TARGET = 9.3;
				MTL_ENABLE_DEBUG_INFO = YES;
				ONLY_ACTIVE_ARCH = YES;
				SDKROOT = iphoneos;
				SWIFT_OPTIMIZATION_LEVEL = "-Onone";
			};
			name = Debug;
		};
		C4D5532D1D1B1F06006E7299 /* Release */ = {
			isa = XCBuildConfiguration;
			buildSettings = {
				ALWAYS_SEARCH_USER_PATHS = NO;
				CLANG_ANALYZER_NONNULL = YES;
				CLANG_CXX_LANGUAGE_STANDARD = "gnu++0x";
				CLANG_CXX_LIBRARY = "libc++";
				CLANG_ENABLE_MODULES = YES;
				CLANG_ENABLE_OBJC_ARC = YES;
				CLANG_WARN_BOOL_CONVERSION = YES;
				CLANG_WARN_CONSTANT_CONVERSION = YES;
				CLANG_WARN_DIRECT_OBJC_ISA_USAGE = YES_ERROR;
				CLANG_WARN_EMPTY_BODY = YES;
				CLANG_WARN_ENUM_CONVERSION = YES;
				CLANG_WARN_INT_CONVERSION = YES;
				CLANG_WARN_OBJC_ROOT_CLASS = YES_ERROR;
				CLANG_WARN_UNREACHABLE_CODE = YES;
				CLANG_WARN__DUPLICATE_METHOD_MATCH = YES;
				"CODE_SIGN_IDENTITY[sdk=iphoneos*]" = "iPhone Developer";
				COPY_PHASE_STRIP = NO;
				DEBUG_INFORMATION_FORMAT = "dwarf-with-dsym";
				ENABLE_NS_ASSERTIONS = NO;
				ENABLE_STRICT_OBJC_MSGSEND = YES;
				GCC_C_LANGUAGE_STANDARD = gnu99;
				GCC_NO_COMMON_BLOCKS = YES;
				GCC_WARN_64_TO_32_BIT_CONVERSION = YES;
				GCC_WARN_ABOUT_RETURN_TYPE = YES_ERROR;
				GCC_WARN_UNDECLARED_SELECTOR = YES;
				GCC_WARN_UNINITIALIZED_AUTOS = YES_AGGRESSIVE;
				GCC_WARN_UNUSED_FUNCTION = YES;
				GCC_WARN_UNUSED_VARIABLE = YES;
				IPHONEOS_DEPLOYMENT_TARGET = 9.3;
				MTL_ENABLE_DEBUG_INFO = NO;
				SDKROOT = iphoneos;
				VALIDATE_PRODUCT = YES;
			};
			name = Release;
		};
		C4D5532F1D1B1F06006E7299 /* Debug */ = {
			isa = XCBuildConfiguration;
			buildSettings = {
				ASSETCATALOG_COMPILER_APPICON_NAME = AppIcon;
				INFOPLIST_FILE = appBase/SupportingFiles/Info.plist;
				LD_RUNPATH_SEARCH_PATHS = "$(inherited) @executable_path/Frameworks";
				PRODUCT_BUNDLE_IDENTIFIER = com.stlwolf.appBase;
				PRODUCT_NAME = "$(TARGET_NAME)";
			};
			name = Debug;
		};
		C4D553301D1B1F06006E7299 /* Release */ = {
			isa = XCBuildConfiguration;
			buildSettings = {
				ASSETCATALOG_COMPILER_APPICON_NAME = AppIcon;
				INFOPLIST_FILE = appBase/SupportingFiles/Info.plist;
				LD_RUNPATH_SEARCH_PATHS = "$(inherited) @executable_path/Frameworks";
				PRODUCT_BUNDLE_IDENTIFIER = com.stlwolf.appBase;
				PRODUCT_NAME = "$(TARGET_NAME)";
			};
			name = Release;
		};
		C4D553321D1B1F06006E7299 /* Debug */ = {
			isa = XCBuildConfiguration;
			buildSettings = {
				BUNDLE_LOADER = "$(TEST_HOST)";
				INFOPLIST_FILE = appBaseTests/Info.plist;
				LD_RUNPATH_SEARCH_PATHS = "$(inherited) @executable_path/Frameworks @loader_path/Frameworks";
				PRODUCT_BUNDLE_IDENTIFIER = com.stlwolf.appBaseTests;
				PRODUCT_NAME = "$(TARGET_NAME)";
				TEST_HOST = "$(BUILT_PRODUCTS_DIR)/appBase.app/appBase";
			};
			name = Debug;
		};
		C4D553331D1B1F06006E7299 /* Release */ = {
			isa = XCBuildConfiguration;
			buildSettings = {
				BUNDLE_LOADER = "$(TEST_HOST)";
				INFOPLIST_FILE = appBaseTests/Info.plist;
				LD_RUNPATH_SEARCH_PATHS = "$(inherited) @executable_path/Frameworks @loader_path/Frameworks";
				PRODUCT_BUNDLE_IDENTIFIER = com.stlwolf.appBaseTests;
				PRODUCT_NAME = "$(TARGET_NAME)";
				TEST_HOST = "$(BUILT_PRODUCTS_DIR)/appBase.app/appBase";
			};
			name = Release;
		};
/* End XCBuildConfiguration section */

/* Begin XCConfigurationList section */
		C4D5530C1D1B1F06006E7299 /* Build configuration list for PBXProject "appBase" */ = {
			isa = XCConfigurationList;
			buildConfigurations = (
				C4D5532C1D1B1F06006E7299 /* Debug */,
				C4D5532D1D1B1F06006E7299 /* Release */,
			);
			defaultConfigurationIsVisible = 0;
			defaultConfigurationName = Release;
		};
		C4D5532E1D1B1F06006E7299 /* Build configuration list for PBXNativeTarget "appBase" */ = {
			isa = XCConfigurationList;
			buildConfigurations = (
				C4D5532F1D1B1F06006E7299 /* Debug */,
				C4D553301D1B1F06006E7299 /* Release */,
			);
			defaultConfigurationIsVisible = 0;
			defaultConfigurationName = Release;
		};
		C4D553311D1B1F06006E7299 /* Build configuration list for PBXNativeTarget "appBaseTests" */ = {
			isa = XCConfigurationList;
			buildConfigurations = (
				C4D553321D1B1F06006E7299 /* Debug */,
				C4D553331D1B1F06006E7299 /* Release */,
			);
			defaultConfigurationIsVisible = 0;
			defaultConfigurationName = Release;
		};
/* End XCConfigurationList section */
	};
	rootObject = C4D553091D1B1F06006E7299 /* Project object */;
}
